
Microsoft Visual Studio Solution File, Format Version 12.00
# Visual Studio Version 16
VisualStudioVersion = 16.0.33328.57
MinimumVisualStudioVersion = 10.0.40219.1
Project("{9A19103F-16F7-4668-BE54-9A1E7A4F7556}") = "AVG.ProductionProcess.PCBTest", "AVG.ProductionProcess.PCBTest\AVG.ProductionProcess.PCBTest.csproj", "{EF69FAE9-CE04-47BD-BAB7-9E8835418614}"
EndProject
Project("{9A19103F-16F7-4668-BE54-9A1E7A4F7556}") = "Keller.SPM.Communication", "Keller.SPM.Communication\Keller.SPM.Communication.csproj", "{A854C3B7-3FAC-4E82-B6FA-872380E90CF9}"
EndProject
Project("{9A19103F-16F7-4668-BE54-9A1E7A4F7556}") = "Keller.SPM.ProcotolGeneration", "Keller.SPM.ProcotolGeneration\Keller.SPM.ProcotolGeneration.csproj", "{FF6C6C4C-BBBF-49E8-A047-1D75BB57D137}"
EndProject
Global
	GlobalSection(SolutionConfigurationPlatforms) = preSolution
		Debug|Any CPU = Debug|Any CPU
		Release|Any CPU = Release|Any CPU
	EndGlobalSection
	GlobalSection(ProjectConfigurationPlatforms) = postSolution
		{EF69FAE9-CE04-47BD-BAB7-9E8835418614}.Debug|Any CPU.ActiveCfg = Debug|Any CPU
		{EF69FAE9-CE04-47BD-BAB7-9E8835418614}.Debug|Any CPU.Build.0 = Debug|Any CPU
		{EF69FAE9-CE04-47BD-BAB7-9E8835418614}.Release|Any CPU.ActiveCfg = Release|Any CPU
		{EF69FAE9-CE04-47BD-BAB7-9E8835418614}.Release|Any CPU.Build.0 = Release|Any CPU
		{A854C3B7-3FAC-4E82-B6FA-872380E90CF9}.Debug|Any CPU.ActiveCfg = Debug|Any CPU
		{A854C3B7-3FAC-4E82-B6FA-872380E90CF9}.Debug|Any CPU.Build.0 = Debug|Any CPU
		{A854C3B7-3FAC-4E82-B6FA-872380E90CF9}.Release|Any CPU.ActiveCfg = Release|Any CPU
		{A854C3B7-3FAC-4E82-B6FA-872380E90CF9}.Release|Any CPU.Build.0 = Release|Any CPU
		{FF6C6C4C-BBBF-49E8-A047-1D75BB57D137}.Debug|Any CPU.ActiveCfg = Debug|Any CPU
		{FF6C6C4C-BBBF-49E8-A047-1D75BB57D137}.Debug|Any CPU.Build.0 = Debug|Any CPU
		{FF6C6C4C-BBBF-49E8-A047-1D75BB57D137}.Release|Any CPU.ActiveCfg = Release|Any CPU
		{FF6C6C4C-BBBF-49E8-A047-1D75BB57D137}.Release|Any CPU.Build.0 = Release|Any CPU
	EndGlobalSection
	GlobalSection(SolutionProperties) = preSolution
		HideSolutionNode = FALSE
	EndGlobalSection
	GlobalSection(ExtensibilityGlobals) = postSolution
		SolutionGuid = {A56656AD-5EEA-4F5F-B55E-2A54608880C1}
	EndGlobalSection
EndGlobal
